<Solution>
	<Folder Name="/.files/">
		<File Path="../.editorconfig" />
		<File Path="../.gitignore" />
		<File Path="readme.md" />
	</Folder>
	<Folder Name="/Base/">
		<Project Path="base.src/Base.csproj" />
		<Project Path="base.tests/BaseTests.csproj" />
	</Folder>
	<Folder Name="/Demo/" >
		<Project Path="demo.src/Plugins.csproj" />
	</Folder>
</Solution>
