<Solution>
	<Folder Name="/Files/">
		<File Path="../.editorconfig" />
		<File Path="readme.md" />
	</Folder>
	<Folder Name="/Base/">
		<Project Path="Base/src/Base.csproj" />
		<Project Path="Base/tests/BaseTests.csproj" />
	</Folder>
	<Folder Name="/Demo/" >
		<Project Path="Demo/src/Plugins.csproj" />
	</Folder>
</Solution>
